
Microsoft Visual Studio Solution File, Format Version 12.00
# Visual Studio 2012
Project("{FAE04EC0-301F-11D3-BF4B-00C04F79EFBC}") = "9UCore", "9UCore\9UCore.csproj", "{71FFBF2D-79CE-4B56-B811-8F000F08B8F6}"
EndProject
Project("{E24C65DC-7377-472B-9ABA-BC803B73C61A}") = "9UWeb", "9UWeb\", "{0294EA67-B0D0-414C-8D35-5F3A5A6AF307}"
	ProjectSection(WebsiteProperties) = preProject
		TargetFrameworkMoniker = ".NETFramework,Version%3Dv2.0"
		ProjectReferences = "{71FFBF2D-79CE-4B56-B811-8F000F08B8F6}|9UCore.dll;"
		Debug.AspNetCompiler.VirtualPath = "/9UWeb"
		Debug.AspNetCompiler.PhysicalPath = "9UWeb\"
		Debug.AspNetCompiler.TargetPath = "PrecompiledWeb\9UWeb\"
		Debug.AspNetCompiler.Updateable = "true"
		Debug.AspNetCompiler.ForceOverwrite = "true"
		Debug.AspNetCompiler.FixedNames = "false"
		Debug.AspNetCompiler.Debug = "True"
		Release.AspNetCompiler.VirtualPath = "/9UWeb"
		Release.AspNetCompiler.PhysicalPath = "9UWeb\"
		Release.AspNetCompiler.TargetPath = "PrecompiledWeb\9UWeb\"
		Release.AspNetCompiler.Updateable = "true"
		Release.AspNetCompiler.ForceOverwrite = "true"
		Release.AspNetCompiler.FixedNames = "false"
		Release.AspNetCompiler.Debug = "False"
		VWDPort = "49537"
		DefaultWebSiteLanguage = "Visual C#"
	EndProjectSection
EndProject
Global
	GlobalSection(SolutionConfigurationPlatforms) = preSolution
		Debug|.NET = Debug|.NET
		Debug|Any CPU = Debug|Any CPU
		Debug|Mixed Platforms = Debug|Mixed Platforms
		Release|.NET = Release|.NET
		Release|Any CPU = Release|Any CPU
		Release|Mixed Platforms = Release|Mixed Platforms
	EndGlobalSection
	GlobalSection(ProjectConfigurationPlatforms) = postSolution
		{71FFBF2D-79CE-4B56-B811-8F000F08B8F6}.Debug|.NET.ActiveCfg = Debug|Any CPU
		{71FFBF2D-79CE-4B56-B811-8F000F08B8F6}.Debug|Any CPU.ActiveCfg = Debug|Any CPU
		{71FFBF2D-79CE-4B56-B811-8F000F08B8F6}.Debug|Any CPU.Build.0 = Debug|Any CPU
		{71FFBF2D-79CE-4B56-B811-8F000F08B8F6}.Debug|Mixed Platforms.ActiveCfg = Debug|Any CPU
		{71FFBF2D-79CE-4B56-B811-8F000F08B8F6}.Debug|Mixed Platforms.Build.0 = Debug|Any CPU
		{71FFBF2D-79CE-4B56-B811-8F000F08B8F6}.Release|.NET.ActiveCfg = Release|Any CPU
		{71FFBF2D-79CE-4B56-B811-8F000F08B8F6}.Release|Any CPU.ActiveCfg = Release|Any CPU
		{71FFBF2D-79CE-4B56-B811-8F000F08B8F6}.Release|Any CPU.Build.0 = Release|Any CPU
		{71FFBF2D-79CE-4B56-B811-8F000F08B8F6}.Release|Mixed Platforms.ActiveCfg = Release|Any CPU
		{71FFBF2D-79CE-4B56-B811-8F000F08B8F6}.Release|Mixed Platforms.Build.0 = Release|Any CPU
		{0294EA67-B0D0-414C-8D35-5F3A5A6AF307}.Debug|.NET.ActiveCfg = Debug|Any CPU
		{0294EA67-B0D0-414C-8D35-5F3A5A6AF307}.Debug|Any CPU.ActiveCfg = Debug|Any CPU
		{0294EA67-B0D0-414C-8D35-5F3A5A6AF307}.Debug|Any CPU.Build.0 = Debug|Any CPU
		{0294EA67-B0D0-414C-8D35-5F3A5A6AF307}.Debug|Mixed Platforms.ActiveCfg = Debug|Any CPU
		{0294EA67-B0D0-414C-8D35-5F3A5A6AF307}.Debug|Mixed Platforms.Build.0 = Debug|Any CPU
		{0294EA67-B0D0-414C-8D35-5F3A5A6AF307}.Release|.NET.ActiveCfg = Debug|Any CPU
		{0294EA67-B0D0-414C-8D35-5F3A5A6AF307}.Release|Any CPU.ActiveCfg = Debug|Any CPU
		{0294EA67-B0D0-414C-8D35-5F3A5A6AF307}.Release|Any CPU.Build.0 = Debug|Any CPU
		{0294EA67-B0D0-414C-8D35-5F3A5A6AF307}.Release|Mixed Platforms.ActiveCfg = Debug|Any CPU
		{0294EA67-B0D0-414C-8D35-5F3A5A6AF307}.Release|Mixed Platforms.Build.0 = Debug|Any CPU
	EndGlobalSection
	GlobalSection(SolutionProperties) = preSolution
		HideSolutionNode = FALSE
	EndGlobalSection
EndGlobal
